
Microsoft Visual Studio Solution File, Format Version 12.00
# Visual Studio Version 17
VisualStudioVersion = 17.3.32825.248
MinimumVisualStudioVersion = 10.0.40219.1
Project("{FAE04EC0-301F-11D3-BF4B-00C04F79EFBC}") = "Bank", "Bank.csproj", "{9EAE0035-D707-400B-85CB-2D74A2D59CB1}"
EndProject
Project("{FAE04EC0-301F-11D3-BF4B-00C04F79EFBC}") = "BankTests", "..\BankTests\BankTests.csproj", "{5D25FAFE-7916-4086-AB94-8281F9F9CF03}"
EndProject
Global
	GlobalSection(SolutionConfigurationPlatforms) = preSolution
		Debug|Any CPU = Debug|Any CPU
		Release|Any CPU = Release|Any CPU
	EndGlobalSection
	GlobalSection(ProjectConfigurationPlatforms) = postSolution
		{9EAE0035-D707-400B-85CB-2D74A2D59CB1}.Debug|Any CPU.ActiveCfg = Debug|Any CPU
		{9EAE0035-D707-400B-85CB-2D74A2D59CB1}.Debug|Any CPU.Build.0 = Debug|Any CPU
		{9EAE0035-D707-400B-85CB-2D74A2D59CB1}.Release|Any CPU.ActiveCfg = Release|Any CPU
		{9EAE0035-D707-400B-85CB-2D74A2D59CB1}.Release|Any CPU.Build.0 = Release|Any CPU
		{5D25FAFE-7916-4086-AB94-8281F9F9CF03}.Debug|Any CPU.ActiveCfg = Debug|Any CPU
		{5D25FAFE-7916-4086-AB94-8281F9F9CF03}.Debug|Any CPU.Build.0 = Debug|Any CPU
		{5D25FAFE-7916-4086-AB94-8281F9F9CF03}.Release|Any CPU.ActiveCfg = Release|Any CPU
		{5D25FAFE-7916-4086-AB94-8281F9F9CF03}.Release|Any CPU.Build.0 = Release|Any CPU
	EndGlobalSection
	GlobalSection(SolutionProperties) = preSolution
		HideSolutionNode = FALSE
	EndGlobalSection
	GlobalSection(ExtensibilityGlobals) = postSolution
		SolutionGuid = {C7A04EE4-FEFD-46D1-8626-BA5500DEF263}
	EndGlobalSection
EndGlobal
